<?xml version="1.0" encoding="utf-8"?>
<Project ToolsVersion="4.0" xmlns="http://schemas.microsoft.com/developer/msbuild/2003">
  <ItemGroup>
    <Filter Include="源文件">
      <UniqueIdentifier>{4FC737F1-C7A5-4376-A066-2A32D752A2FF}</UniqueIdentifier>
      <Extensions>cpp;c;cc;cxx;def;odl;idl;hpj;bat;asm;asmx</Extensions>
    </Filter>
    <Filter Include="头文件">
      <UniqueIdentifier>{93995380-89BD-4b04-88EB-625FBE52EBFB}</UniqueIdentifier>
      <Extensions>h;hh;hpp;hxx;hm;inl;inc;xsd</Extensions>
    </Filter>
    <Filter Include="资源文件">
      <UniqueIdentifier>{67DA6AB6-F800-4c08-8B7A-83BB121AAD01}</UniqueIdentifier>
      <Extensions>rc;ico;cur;bmp;dlg;rc2;rct;bin;rgs;gif;jpg;jpeg;jpe;resx;tiff;tif;png;wav;mfcribbon-ms</Extensions>
    </Filter>
  </ItemGroup>
  <ItemGroup>
    <ClCompile Include="..\..\..\Leetcode\LeetCode\Nested_List_WeightSum.cpp">
      <Filter>源文件</Filter>
    </ClCompile>
    <ClCompile Include="..\..\..\Leetcode\LeetCode\Nim_Game.cpp">
      <Filter>源文件</Filter>
    </ClCompile>
    <ClCompile Include="Palindrome Permutation.cpp">
      <Filter>源文件</Filter>
    </ClCompile>
    <ClCompile Include="flip_game.cpp">
      <Filter>源文件</Filter>
    </ClCompile>
    <ClCompile Include="Add_Digits.cpp">
      <Filter>源文件</Filter>
    </ClCompile>
    <ClCompile Include="Maximum_Depth_of_Binary_Tree.cpp">
      <Filter>源文件</Filter>
    </ClCompile>
    <ClCompile Include="Shortest_Word_Distance.cpp">
      <Filter>源文件</Filter>
    </ClCompile>
    <ClCompile Include="Invert_Binary_Tree.cpp">
      <Filter>源文件</Filter>
    </ClCompile>
    <ClCompile Include="Move_Zero.cpp">
      <Filter>源文件</Filter>
    </ClCompile>
    <ClCompile Include="Delete_Node_in_a_Linked List.cpp">
      <Filter>源文件</Filter>
    </ClCompile>
    <ClCompile Include="Same_Tree.cpp">
      <Filter>源文件</Filter>
    </ClCompile>
    <ClCompile Include="Meeting_Room.cpp">
      <Filter>源文件</Filter>
    </ClCompile>
    <ClCompile Include="Valid_Anagram.cpp">
      <Filter>源文件</Filter>
    </ClCompile>
    <ClCompile Include="ExcelSheetColumnNumber.cpp">
      <Filter>源文件</Filter>
    </ClCompile>
    <ClCompile Include="Contains_Duplicate.cpp">
      <Filter>源文件</Filter>
    </ClCompile>
    <ClCompile Include="Majority_Element.cpp">
      <Filter>源文件</Filter>
    </ClCompile>
    <ClCompile Include="Reverse_Linked_List.cpp">
      <Filter>源文件</Filter>
    </ClCompile>
    <ClCompile Include="Roman_to_Integer.cpp">
      <Filter>源文件</Filter>
    </ClCompile>
    <ClCompile Include="MaximumSizeSubarraySumEqualsk.cpp">
      <Filter>源文件</Filter>
    </ClCompile>
    <ClCompile Include="BestTimetoBuyandSellStock.cpp">
      <Filter>源文件</Filter>
    </ClCompile>
    <ClCompile Include="ClimbingStairs.cpp">
      <Filter>源文件</Filter>
    </ClCompile>
    <ClCompile Include="HappyNumber.cpp">
      <Filter>源文件</Filter>
    </ClCompile>
    <ClCompile Include="LowestCommonAncestorofaBinarySearchTree.cpp">
      <Filter>源文件</Filter>
    </ClCompile>
    <ClCompile Include="MergeTwoSortedLists.cpp">
      <Filter>源文件</Filter>
    </ClCompile>
    <ClCompile Include="Numberof1Bits.cpp">
      <Filter>源文件</Filter>
    </ClCompile>
    <ClCompile Include="PowerofTwo.cpp">
      <Filter>源文件</Filter>
    </ClCompile>
    <ClCompile Include="RemoveDuplicatesfromSortedList.cpp">
      <Filter>源文件</Filter>
    </ClCompile>
    <ClCompile Include="StrobogrammaticNumber.cpp">
      <Filter>源文件</Filter>
    </ClCompile>
    <ClCompile Include="UglyNumber.cpp">
      <Filter>源文件</Filter>
    </ClCompile>
    <ClCompile Include="SwapNodesinPairs.cpp">
      <Filter>源文件</Filter>
    </ClCompile>
    <ClCompile Include="ClosestBinarySearchTreeValue.cpp">
      <Filter>源文件</Filter>
    </ClCompile>
    <ClCompile Include="HouseRobber.cpp">
      <Filter>源文件</Filter>
    </ClCompile>
    <ClCompile Include="Balanced Binary Tree.cpp">
      <Filter>源文件</Filter>
    </ClCompile>
    <ClCompile Include="Implement Queue using Stacks.cpp">
      <Filter>源文件</Filter>
    </ClCompile>
    <ClCompile Include="Symmetric Tree.cpp">
      <Filter>源文件</Filter>
    </ClCompile>
    <ClCompile Include="Binary Tree Level Order Traversal II.cpp">
      <Filter>源文件</Filter>
    </ClCompile>
    <ClCompile Include="Remove Element.cpp">
      <Filter>源文件</Filter>
    </ClCompile>
    <ClCompile Include="Remove Duplicates from Sorted Array.cpp">
      <Filter>源文件</Filter>
    </ClCompile>
    <ClCompile Include="Plus One.cpp">
      <Filter>源文件</Filter>
    </ClCompile>
    <ClCompile Include="Pascal%27s Triangle.cpp">
      <Filter>源文件</Filter>
    </ClCompile>
    <ClCompile Include="Factorial Trailing Zeroes.cpp">
      <Filter>源文件</Filter>
    </ClCompile>
    <ClCompile Include="Binary Tree Level Order Traversal.cpp">
      <Filter>源文件</Filter>
    </ClCompile>
    <ClCompile Include="Pascal%27s Triangle II.cpp">
      <Filter>源文件</Filter>
    </ClCompile>
    <ClCompile Include="Palindrome Number.cpp">
      <Filter>源文件</Filter>
    </ClCompile>
    <ClCompile Include="Group Shifted Strings.cpp">
      <Filter>源文件</Filter>
    </ClCompile>
    <ClCompile Include="Path Sum.cpp">
      <Filter>源文件</Filter>
    </ClCompile>
    <ClCompile Include="Paint Fence.cpp">
      <Filter>源文件</Filter>
    </ClCompile>
    <ClCompile Include="Implement Stack using Queues.cpp">
      <Filter>源文件</Filter>
    </ClCompile>
    <ClCompile Include="Minimum Depth of Binary Tree.cpp">
      <Filter>源文件</Filter>
    </ClCompile>
    <ClCompile Include="Valid Sudoku.cpp">
      <Filter>源文件</Filter>
    </ClCompile>
    <ClCompile Include="Intersection of Two Linked Lists.cpp">
      <Filter>源文件</Filter>
    </ClCompile>
    <ClCompile Include="Merge Sorted Array.cpp">
      <Filter>源文件</Filter>
    </ClCompile>
    <ClCompile Include="Contains Duplicate II.cpp">
      <Filter>源文件</Filter>
    </ClCompile>
    <ClCompile Include="Rectangle Area.cpp">
      <Filter>源文件</Filter>
    </ClCompile>
    <ClCompile Include="Isomorphic Strings.cpp">
      <Filter>源文件</Filter>
    </ClCompile>
    <ClCompile Include="Bulls and Cows.cpp">
      <Filter>源文件</Filter>
    </ClCompile>
    <ClCompile Include="Valid Parentheses.cpp">
      <Filter>源文件</Filter>
    </ClCompile>
    <ClCompile Include="Reverse Bits.cpp">
      <Filter>源文件</Filter>
    </ClCompile>
    <ClCompile Include="Remove Nth Node From End of List.cpp">
      <Filter>源文件</Filter>
    </ClCompile>
    <ClCompile Include="Length of Last Word.cpp">
      <Filter>源文件</Filter>
    </ClCompile>
    <ClCompile Include="Word Pattern.cpp">
      <Filter>源文件</Filter>
    </ClCompile>
    <ClCompile Include="Remove Linked List Elements.cpp">
      <Filter>源文件</Filter>
    </ClCompile>
    <ClCompile Include="Binary Tree Paths.cpp">
      <Filter>源文件</Filter>
    </ClCompile>
    <ClCompile Include="Longest Common Prefix.cpp">
      <Filter>源文件</Filter>
    </ClCompile>
    <ClCompile Include="Palindrome Linked List.cpp">
      <Filter>源文件</Filter>
    </ClCompile>
  </ItemGroup>
</Project>